// !$*UTF8*$!
{
	archiveVersion = 1;
	classes = {
	};
	objectVersion = 56;
	objects = {

/* Begin PBXBuildFile section */
		8A09C5282C05DDC2001DFA91 /* CanvasViewRepresentable.swift in Sources */ = {isa = PBXBuildFile; fileRef = 8A09C5272C05DDC2001DFA91 /* CanvasViewRepresentable.swift */; };
		8A189BDB2BFDDFDF002EABB2 /* WritingAnimation.swift in Sources */ = {isa = PBXBuildFile; fileRef = 8A189BDA2BFDDFDF002EABB2 /* WritingAnimation.swift */; };
		8A1FBA932BFC862C0066DB77 /* ChooseTime.swift in Sources */ = {isa = PBXBuildFile; fileRef = 8A1FBA922BFC862C0066DB77 /* ChooseTime.swift */; };
		8A1FBA952BFC869A0066DB77 /* HowToAnimation.swift in Sources */ = {isa = PBXBuildFile; fileRef = 8A1FBA942BFC869A0066DB77 /* HowToAnimation.swift */; };
		8A1FBA972BFCA6BB0066DB77 /* MateriView.swift in Sources */ = {isa = PBXBuildFile; fileRef = 8A1FBA962BFCA6BB0066DB77 /* MateriView.swift */; };
		8A3F0E6C2C036F4600345154 /* song.mp3 in Resources */ = {isa = PBXBuildFile; fileRef = 8A3F0E6A2C036F4600345154 /* song.mp3 */; };
		8A3F0E6D2C036F4600345154 /* Bubble.mov in Resources */ = {isa = PBXBuildFile; fileRef = 8A3F0E6B2C036F4600345154 /* Bubble.mov */; };
		8A3F0E6F2C036F5F00345154 /* song2.mp3 in Resources */ = {isa = PBXBuildFile; fileRef = 8A3F0E6E2C036F5F00345154 /* song2.mp3 */; };
		8A3F0E722C03704300345154 /* ToKnow.swift in Sources */ = {isa = PBXBuildFile; fileRef = 8A3F0E712C03704300345154 /* ToKnow.swift */; };
		8A3F0E742C03726C00345154 /* s.efek1.mp3 in Resources */ = {isa = PBXBuildFile; fileRef = 8A3F0E732C03726C00345154 /* s.efek1.mp3 */; };
		8A5C975C2C0069B50064E767 /* AudioManager.swift in Sources */ = {isa = PBXBuildFile; fileRef = 8A5C975B2C0069B50064E767 /* AudioManager.swift */; };
		8AA5C7F22BFB507600173781 /* MandioApp.swift in Sources */ = {isa = PBXBuildFile; fileRef = 8AA5C7F12BFB507600173781 /* MandioApp.swift */; };
		8AA5C7F42BFB507600173781 /* ContentView.swift in Sources */ = {isa = PBXBuildFile; fileRef = 8AA5C7F32BFB507600173781 /* ContentView.swift */; };
		8AA5C7F62BFB507700173781 /* Assets.xcassets in Resources */ = {isa = PBXBuildFile; fileRef = 8AA5C7F52BFB507700173781 /* Assets.xcassets */; };
		8AA5C7F92BFB507700173781 /* Preview Assets.xcassets in Resources */ = {isa = PBXBuildFile; fileRef = 8AA5C7F82BFB507700173781 /* Preview Assets.xcassets */; };
/* End PBXBuildFile section */

/* Begin PBXFileReference section */
		8A09C5272C05DDC2001DFA91 /* CanvasViewRepresentable.swift */ = {isa = PBXFileReference; lastKnownFileType = sourcecode.swift; path = CanvasViewRepresentable.swift; sourceTree = "<group>"; };
		8A189BDA2BFDDFDF002EABB2 /* WritingAnimation.swift */ = {isa = PBXFileReference; lastKnownFileType = sourcecode.swift; path = WritingAnimation.swift; sourceTree = "<group>"; };
		8A1FBA922BFC862C0066DB77 /* ChooseTime.swift */ = {isa = PBXFileReference; lastKnownFileType = sourcecode.swift; path = ChooseTime.swift; sourceTree = "<group>"; };
		8A1FBA942BFC869A0066DB77 /* HowToAnimation.swift */ = {isa = PBXFileReference; lastKnownFileType = sourcecode.swift; path = HowToAnimation.swift; sourceTree = "<group>"; };
		8A1FBA962BFCA6BB0066DB77 /* MateriView.swift */ = {isa = PBXFileReference; lastKnownFileType = sourcecode.swift; path = MateriView.swift; sourceTree = "<group>"; };
		8A3F0E6A2C036F4600345154 /* song.mp3 */ = {isa = PBXFileReference; lastKnownFileType = audio.mp3; name = song.mp3; path = ../../../../../../../Downloads/song.mp3; sourceTree = "<group>"; };
		8A3F0E6B2C036F4600345154 /* Bubble.mov */ = {isa = PBXFileReference; lastKnownFileType = video.quicktime; name = Bubble.mov; path = ../../../../../../../Downloads/Bubble.mov; sourceTree = "<group>"; };
		8A3F0E6E2C036F5F00345154 /* song2.mp3 */ = {isa = PBXFileReference; lastKnownFileType = audio.mp3; name = song2.mp3; path = ../../../../../../../Downloads/song2.mp3; sourceTree = "<group>"; };
		8A3F0E712C03704300345154 /* ToKnow.swift */ = {isa = PBXFileReference; lastKnownFileType = sourcecode.swift; path = ToKnow.swift; sourceTree = "<group>"; };
		8A3F0E732C03726C00345154 /* s.efek1.mp3 */ = {isa = PBXFileReference; lastKnownFileType = audio.mp3; name = s.efek1.mp3; path = ../../../../../../../Downloads/s.efek1.mp3; sourceTree = "<group>"; };
		8A5C975B2C0069B50064E767 /* AudioManager.swift */ = {isa = PBXFileReference; lastKnownFileType = sourcecode.swift; path = AudioManager.swift; sourceTree = "<group>"; };
		8AA5C7EE2BFB507600173781 /* Mandio.app */ = {isa = PBXFileReference; explicitFileType = wrapper.application; includeInIndex = 0; path = Mandio.app; sourceTree = BUILT_PRODUCTS_DIR; };
		8AA5C7F12BFB507600173781 /* MandioApp.swift */ = {isa = PBXFileReference; lastKnownFileType = sourcecode.swift; path = MandioApp.swift; sourceTree = "<group>"; };
		8AA5C7F32BFB507600173781 /* ContentView.swift */ = {isa = PBXFileReference; lastKnownFileType = sourcecode.swift; path = ContentView.swift; sourceTree = "<group>"; };
		8AA5C7F52BFB507700173781 /* Assets.xcassets */ = {isa = PBXFileReference; lastKnownFileType = folder.assetcatalog; path = Assets.xcassets; sourceTree = "<group>"; };
		8AA5C7F82BFB507700173781 /* Preview Assets.xcassets */ = {isa = PBXFileReference; lastKnownFileType = folder.assetcatalog; path = "Preview Assets.xcassets"; sourceTree = "<group>"; };
/* End PBXFileReference section */

/* Begin PBXFrameworksBuildPhase section */
		8AA5C7EB2BFB507600173781 /* Frameworks */ = {
			isa = PBXFrameworksBuildPhase;
			buildActionMask = 2147483647;
			files = (
			);
			runOnlyForDeploymentPostprocessing = 0;
		};
/* End PBXFrameworksBuildPhase section */

/* Begin PBXGroup section */
		8A3F0E642C036EC700345154 /* Audio */ = {
			isa = PBXGroup;
			children = (
				8A3F0E6B2C036F4600345154 /* Bubble.mov */,
				8A3F0E6E2C036F5F00345154 /* song2.mp3 */,
				8A3F0E732C03726C00345154 /* s.efek1.mp3 */,
				8A3F0E6A2C036F4600345154 /* song.mp3 */,
			);
			path = Audio;
			sourceTree = "<group>";
		};
		8A3F0E692C036EF000345154 /* Aset */ = {
			isa = PBXGroup;
			children = (
				8A3F0E642C036EC700345154 /* Audio */,
				8AA5C7F52BFB507700173781 /* Assets.xcassets */,
			);
			path = Aset;
			sourceTree = "<group>";
		};
		8AA5C7E52BFB507600173781 = {
			isa = PBXGroup;
			children = (
				8AA5C7F02BFB507600173781 /* Mandio */,
				8AA5C7EF2BFB507600173781 /* Products */,
			);
			sourceTree = "<group>";
		};
		8AA5C7EF2BFB507600173781 /* Products */ = {
			isa = PBXGroup;
			children = (
				8AA5C7EE2BFB507600173781 /* Mandio.app */,
			);
			name = Products;
			sourceTree = "<group>";
		};
		8AA5C7F02BFB507600173781 /* Mandio */ = {
			isa = PBXGroup;
			children = (
				8AA5C7F12BFB507600173781 /* MandioApp.swift */,
				8AE495142C0464D00031B996 /* View */,
				8A5C975B2C0069B50064E767 /* AudioManager.swift */,
				8A09C5272C05DDC2001DFA91 /* CanvasViewRepresentable.swift */,
				8A3F0E692C036EF000345154 /* Aset */,
				8AA5C7F72BFB507700173781 /* Preview Content */,
			);
			path = Mandio;
			sourceTree = "<group>";
		};
		8AA5C7F72BFB507700173781 /* Preview Content */ = {
			isa = PBXGroup;
			children = (
				8AA5C7F82BFB507700173781 /* Preview Assets.xcassets */,
			);
			path = "Preview Content";
			sourceTree = "<group>";
		};
		8AE495142C0464D00031B996 /* View */ = {
			isa = PBXGroup;
			children = (
				8AA5C7F32BFB507600173781 /* ContentView.swift */,
				8A3F0E712C03704300345154 /* ToKnow.swift */,
				8A1FBA922BFC862C0066DB77 /* ChooseTime.swift */,
				8A1FBA942BFC869A0066DB77 /* HowToAnimation.swift */,
				8A1FBA962BFCA6BB0066DB77 /* MateriView.swift */,
				8A189BDA2BFDDFDF002EABB2 /* WritingAnimation.swift */,
			);
			path = View;
			sourceTree = "<group>";
		};
/* End PBXGroup section */

/* Begin PBXNativeTarget section */
		8AA5C7ED2BFB507600173781 /* Mandio */ = {
			isa = PBXNativeTarget;
			buildConfigurationList = 8AA5C7FC2BFB507700173781 /* Build configuration list for PBXNativeTarget "Mandio" */;
			buildPhases = (
				8AA5C7EA2BFB507600173781 /* Sources */,
				8AA5C7EB2BFB507600173781 /* Frameworks */,
				8AA5C7EC2BFB507600173781 /* Resources */,
			);
			buildRules = (
			);
			dependencies = (
			);
			name = Mandio;
			productName = Mandio;
			productReference = 8AA5C7EE2BFB507600173781 /* Mandio.app */;
			productType = "com.apple.product-type.application";
		};
/* End PBXNativeTarget section */

/* Begin PBXProject section */
		8AA5C7E62BFB507600173781 /* Project object */ = {
			isa = PBXProject;
			attributes = {
				BuildIndependentTargetsInParallel = 1;
				LastSwiftUpdateCheck = 1520;
				LastUpgradeCheck = 1520;
				TargetAttributes = {
					8AA5C7ED2BFB507600173781 = {
						CreatedOnToolsVersion = 15.2;
					};
				};
			};
			buildConfigurationList = 8AA5C7E92BFB507600173781 /* Build configuration list for PBXProject "Mandio" */;
			compatibilityVersion = "Xcode 14.0";
			developmentRegion = en;
			hasScannedForEncodings = 0;
			knownRegions = (
				en,
				Base,
			);
			mainGroup = 8AA5C7E52BFB507600173781;
			productRefGroup = 8AA5C7EF2BFB507600173781 /* Products */;
			projectDirPath = "";
			projectRoot = "";
			targets = (
				8AA5C7ED2BFB507600173781 /* Mandio */,
			);
		};
/* End PBXProject section */

/* Begin PBXResourcesBuildPhase section */
		8AA5C7EC2BFB507600173781 /* Resources */ = {
			isa = PBXResourcesBuildPhase;
			buildActionMask = 2147483647;
			files = (
				8AA5C7F92BFB507700173781 /* Preview Assets.xcassets in Resources */,
				8AA5C7F62BFB507700173781 /* Assets.xcassets in Resources */,
				8A3F0E742C03726C00345154 /* s.efek1.mp3 in Resources */,
				8A3F0E6D2C036F4600345154 /* Bubble.mov in Resources */,
				8A3F0E6C2C036F4600345154 /* song.mp3 in Resources */,
				8A3F0E6F2C036F5F00345154 /* song2.mp3 in Resources */,
			);
			runOnlyForDeploymentPostprocessing = 0;
		};
/* End PBXResourcesBuildPhase section */

/* Begin PBXSourcesBuildPhase section */
		8AA5C7EA2BFB507600173781 /* Sources */ = {
			isa = PBXSourcesBuildPhase;
			buildActionMask = 2147483647;
			files = (
				8AA5C7F42BFB507600173781 /* ContentView.swift in Sources */,
				8A3F0E722C03704300345154 /* ToKnow.swift in Sources */,
				8A09C5282C05DDC2001DFA91 /* CanvasViewRepresentable.swift in Sources */,
				8A5C975C2C0069B50064E767 /* AudioManager.swift in Sources */,
				8A1FBA972BFCA6BB0066DB77 /* MateriView.swift in Sources */,
				8A189BDB2BFDDFDF002EABB2 /* WritingAnimation.swift in Sources */,
				8AA5C7F22BFB507600173781 /* MandioApp.swift in Sources */,
				8A1FBA952BFC869A0066DB77 /* HowToAnimation.swift in Sources */,
				8A1FBA932BFC862C0066DB77 /* ChooseTime.swift in Sources */,
			);
			runOnlyForDeploymentPostprocessing = 0;
		};
/* End PBXSourcesBuildPhase section */

/* Begin XCBuildConfiguration section */
		8AA5C7FA2BFB507700173781 /* Debug */ = {
			isa = XCBuildConfiguration;
			buildSettings = {
				ALWAYS_SEARCH_USER_PATHS = NO;
				ASSETCATALOG_COMPILER_GENERATE_SWIFT_ASSET_SYMBOL_EXTENSIONS = YES;
				CLANG_ANALYZER_NONNULL = YES;
				CLANG_ANALYZER_NUMBER_OBJECT_CONVERSION = YES_AGGRESSIVE;
				CLANG_CXX_LANGUAGE_STANDARD = "gnu++20";
				CLANG_ENABLE_MODULES = YES;
				CLANG_ENABLE_OBJC_ARC = YES;
				CLANG_ENABLE_OBJC_WEAK = YES;
				CLANG_WARN_BLOCK_CAPTURE_AUTORELEASING = YES;
				CLANG_WARN_BOOL_CONVERSION = YES;
				CLANG_WARN_COMMA = YES;
				CLANG_WARN_CONSTANT_CONVERSION = YES;
				CLANG_WARN_DEPRECATED_OBJC_IMPLEMENTATIONS = YES;
				CLANG_WARN_DIRECT_OBJC_ISA_USAGE = YES_ERROR;
				CLANG_WARN_DOCUMENTATION_COMMENTS = YES;
				CLANG_WARN_EMPTY_BODY = YES;
				CLANG_WARN_ENUM_CONVERSION = YES;
				CLANG_WARN_INFINITE_RECURSION = YES;
				CLANG_WARN_INT_CONVERSION = YES;
				CLANG_WARN_NON_LITERAL_NULL_CONVERSION = YES;
				CLANG_WARN_OBJC_IMPLICIT_RETAIN_SELF = YES;
				CLANG_WARN_OBJC_LITERAL_CONVERSION = YES;
				CLANG_WARN_OBJC_ROOT_CLASS = YES_ERROR;
				CLANG_WARN_QUOTED_INCLUDE_IN_FRAMEWORK_HEADER = YES;
				CLANG_WARN_RANGE_LOOP_ANALYSIS = YES;
				CLANG_WARN_STRICT_PROTOTYPES = YES;
				CLANG_WARN_SUSPICIOUS_MOVE = YES;
				CLANG_WARN_UNGUARDED_AVAILABILITY = YES_AGGRESSIVE;
				CLANG_WARN_UNREACHABLE_CODE = YES;
				CLANG_WARN__DUPLICATE_METHOD_MATCH = YES;
				COPY_PHASE_STRIP = NO;
				DEBUG_INFORMATION_FORMAT = dwarf;
				ENABLE_STRICT_OBJC_MSGSEND = YES;
				ENABLE_TESTABILITY = YES;
				ENABLE_USER_SCRIPT_SANDBOXING = YES;
				GCC_C_LANGUAGE_STANDARD = gnu17;
				GCC_DYNAMIC_NO_PIC = NO;
				GCC_NO_COMMON_BLOCKS = YES;
				GCC_OPTIMIZATION_LEVEL = 0;
				GCC_PREPROCESSOR_DEFINITIONS = (
					"DEBUG=1",
					"$(inherited)",
				);
				GCC_WARN_64_TO_32_BIT_CONVERSION = YES;
				GCC_WARN_ABOUT_RETURN_TYPE = YES_ERROR;
				GCC_WARN_UNDECLARED_SELECTOR = YES;
				GCC_WARN_UNINITIALIZED_AUTOS = YES_AGGRESSIVE;
				GCC_WARN_UNUSED_FUNCTION = YES;
				GCC_WARN_UNUSED_VARIABLE = YES;
				IPHONEOS_DEPLOYMENT_TARGET = 17.2;
				LOCALIZATION_PREFERS_STRING_CATALOGS = YES;
				MTL_ENABLE_DEBUG_INFO = INCLUDE_SOURCE;
				MTL_FAST_MATH = YES;
				ONLY_ACTIVE_ARCH = YES;
				SDKROOT = iphoneos;
				SWIFT_ACTIVE_COMPILATION_CONDITIONS = "DEBUG $(inherited)";
				SWIFT_OPTIMIZATION_LEVEL = "-Onone";
			};
			name = Debug;
		};
		8AA5C7FB2BFB507700173781 /* Release */ = {
			isa = XCBuildConfiguration;
			buildSettings = {
				ALWAYS_SEARCH_USER_PATHS = NO;
				ASSETCATALOG_COMPILER_GENERATE_SWIFT_ASSET_SYMBOL_EXTENSIONS = YES;
				CLANG_ANALYZER_NONNULL = YES;
				CLANG_ANALYZER_NUMBER_OBJECT_CONVERSION = YES_AGGRESSIVE;
				CLANG_CXX_LANGUAGE_STANDARD = "gnu++20";
				CLANG_ENABLE_MODULES = YES;
				CLANG_ENABLE_OBJC_ARC = YES;
				CLANG_ENABLE_OBJC_WEAK = YES;
				CLANG_WARN_BLOCK_CAPTURE_AUTORELEASING = YES;
				CLANG_WARN_BOOL_CONVERSION = YES;
				CLANG_WARN_COMMA = YES;
				CLANG_WARN_CONSTANT_CONVERSION = YES;
				CLANG_WARN_DEPRECATED_OBJC_IMPLEMENTATIONS = YES;
				CLANG_WARN_DIRECT_OBJC_ISA_USAGE = YES_ERROR;
				CLANG_WARN_DOCUMENTATION_COMMENTS = YES;
				CLANG_WARN_EMPTY_BODY = YES;
				CLANG_WARN_ENUM_CONVERSION = YES;
				CLANG_WARN_INFINITE_RECURSION = YES;
				CLANG_WARN_INT_CONVERSION = YES;
				CLANG_WARN_NON_LITERAL_NULL_CONVERSION = YES;
				CLANG_WARN_OBJC_IMPLICIT_RETAIN_SELF = YES;
				CLANG_WARN_OBJC_LITERAL_CONVERSION = YES;
				CLANG_WARN_OBJC_ROOT_CLASS = YES_ERROR;
				CLANG_WARN_QUOTED_INCLUDE_IN_FRAMEWORK_HEADER = YES;
				CLANG_WARN_RANGE_LOOP_ANALYSIS = YES;
				CLANG_WARN_STRICT_PROTOTYPES = YES;
				CLANG_WARN_SUSPICIOUS_MOVE = YES;
				CLANG_WARN_UNGUARDED_AVAILABILITY = YES_AGGRESSIVE;
				CLANG_WARN_UNREACHABLE_CODE = YES;
				CLANG_WARN__DUPLICATE_METHOD_MATCH = YES;
				COPY_PHASE_STRIP = NO;
				DEBUG_INFORMATION_FORMAT = "dwarf-with-dsym";
				ENABLE_NS_ASSERTIONS = NO;
				ENABLE_STRICT_OBJC_MSGSEND = YES;
				ENABLE_USER_SCRIPT_SANDBOXING = YES;
				GCC_C_LANGUAGE_STANDARD = gnu17;
				GCC_NO_COMMON_BLOCKS = YES;
				GCC_WARN_64_TO_32_BIT_CONVERSION = YES;
				GCC_WARN_ABOUT_RETURN_TYPE = YES_ERROR;
				GCC_WARN_UNDECLARED_SELECTOR = YES;
				GCC_WARN_UNINITIALIZED_AUTOS = YES_AGGRESSIVE;
				GCC_WARN_UNUSED_FUNCTION = YES;
				GCC_WARN_UNUSED_VARIABLE = YES;
				IPHONEOS_DEPLOYMENT_TARGET = 17.2;
				LOCALIZATION_PREFERS_STRING_CATALOGS = YES;
				MTL_ENABLE_DEBUG_INFO = NO;
				MTL_FAST_MATH = YES;
				SDKROOT = iphoneos;
				SWIFT_COMPILATION_MODE = wholemodule;
				VALIDATE_PRODUCT = YES;
			};
			name = Release;
		};
		8AA5C7FD2BFB507700173781 /* Debug */ = {
			isa = XCBuildConfiguration;
			buildSettings = {
				ASSETCATALOG_COMPILER_APPICON_NAME = AppIcon;
				ASSETCATALOG_COMPILER_GLOBAL_ACCENT_COLOR_NAME = AccentColor;
				CODE_SIGN_STYLE = Automatic;
				CURRENT_PROJECT_VERSION = 1;
				DEVELOPMENT_ASSET_PATHS = "\"Mandio/Preview Content\"";
				DEVELOPMENT_TEAM = MAW7M7SF3Z;
				ENABLE_PREVIEWS = YES;
				GENERATE_INFOPLIST_FILE = YES;
				INFOPLIST_KEY_UIApplicationSceneManifest_Generation = YES;
				INFOPLIST_KEY_UIApplicationSupportsIndirectInputEvents = YES;
				INFOPLIST_KEY_UILaunchScreen_Generation = YES;
				INFOPLIST_KEY_UISupportedInterfaceOrientations_iPad = "UIInterfaceOrientationPortrait UIInterfaceOrientationPortraitUpsideDown UIInterfaceOrientationLandscapeLeft UIInterfaceOrientationLandscapeRight";
				INFOPLIST_KEY_UISupportedInterfaceOrientations_iPhone = "UIInterfaceOrientationPortrait UIInterfaceOrientationLandscapeLeft UIInterfaceOrientationLandscapeRight";
				IPHONEOS_DEPLOYMENT_TARGET = 17.0;
				LD_RUNPATH_SEARCH_PATHS = (
					"$(inherited)",
					"@executable_path/Frameworks",
				);
				MARKETING_VERSION = 1.0;
				PRODUCT_BUNDLE_IDENTIFIER = none.Mandio;
				PRODUCT_NAME = "$(TARGET_NAME)";
				SWIFT_EMIT_LOC_STRINGS = YES;
				SWIFT_VERSION = 5.0;
				TARGETED_DEVICE_FAMILY = "1,2";
			};
			name = Debug;
		};
		8AA5C7FE2BFB507700173781 /* Release */ = {
			isa = XCBuildConfiguration;
			buildSettings = {
				ASSETCATALOG_COMPILER_APPICON_NAME = AppIcon;
				ASSETCATALOG_COMPILER_GLOBAL_ACCENT_COLOR_NAME = AccentColor;
				CODE_SIGN_STYLE = Automatic;
				CURRENT_PROJECT_VERSION = 1;
				DEVELOPMENT_ASSET_PATHS = "\"Mandio/Preview Content\"";
				DEVELOPMENT_TEAM = MAW7M7SF3Z;
				ENABLE_PREVIEWS = YES;
				GENERATE_INFOPLIST_FILE = YES;
				INFOPLIST_KEY_UIApplicationSceneManifest_Generation = YES;
				INFOPLIST_KEY_UIApplicationSupportsIndirectInputEvents = YES;
				INFOPLIST_KEY_UILaunchScreen_Generation = YES;
				INFOPLIST_KEY_UISupportedInterfaceOrientations_iPad = "UIInterfaceOrientationPortrait UIInterfaceOrientationPortraitUpsideDown UIInterfaceOrientationLandscapeLeft UIInterfaceOrientationLandscapeRight";
				INFOPLIST_KEY_UISupportedInterfaceOrientations_iPhone = "UIInterfaceOrientationPortrait UIInterfaceOrientationLandscapeLeft UIInterfaceOrientationLandscapeRight";
				IPHONEOS_DEPLOYMENT_TARGET = 17.0;
				LD_RUNPATH_SEARCH_PATHS = (
					"$(inherited)",
					"@executable_path/Frameworks",
				);
				MARKETING_VERSION = 1.0;
				PRODUCT_BUNDLE_IDENTIFIER = none.Mandio;
				PRODUCT_NAME = "$(TARGET_NAME)";
				SWIFT_EMIT_LOC_STRINGS = YES;
				SWIFT_VERSION = 5.0;
				TARGETED_DEVICE_FAMILY = "1,2";
			};
			name = Release;
		};
/* End XCBuildConfiguration section */

/* Begin XCConfigurationList section */
		8AA5C7E92BFB507600173781 /* Build configuration list for PBXProject "Mandio" */ = {
			isa = XCConfigurationList;
			buildConfigurations = (
				8AA5C7FA2BFB507700173781 /* Debug */,
				8AA5C7FB2BFB507700173781 /* Release */,
			);
			defaultConfigurationIsVisible = 0;
			defaultConfigurationName = Release;
		};
		8AA5C7FC2BFB507700173781 /* Build configuration list for PBXNativeTarget "Mandio" */ = {
			isa = XCConfigurationList;
			buildConfigurations = (
				8AA5C7FD2BFB507700173781 /* Debug */,
				8AA5C7FE2BFB507700173781 /* Release */,
			);
			defaultConfigurationIsVisible = 0;
			defaultConfigurationName = Release;
		};
/* End XCConfigurationList section */
	};
	rootObject = 8AA5C7E62BFB507600173781 /* Project object */;
}
